// !$*UTF8*$!
{
	archiveVersion = 1;
	classes = {
	};
	objectVersion = 46;
	objects = {

/* Begin PBXBuildFile section */
		FF07AA5E1AFDB837001EB5D4 /* NSString+MD5.m in Sources */ = {isa = PBXBuildFile; fileRef = FF07AA5D1AFDB837001EB5D4 /* NSString+MD5.m */; };
		FF0B71FB1AFCE0F500290BFF /* main.m in Sources */ = {isa = PBXBuildFile; fileRef = FF0B71FA1AFCE0F500290BFF /* main.m */; };
		FF0B71FE1AFCE0F500290BFF /* AppDelegate.m in Sources */ = {isa = PBXBuildFile; fileRef = FF0B71FD1AFCE0F500290BFF /* AppDelegate.m */; };
		FF0B72011AFCE0F500290BFF /* SyncContact.xcdatamodeld in Sources */ = {isa = PBXBuildFile; fileRef = FF0B71FF1AFCE0F500290BFF /* SyncContact.xcdatamodeld */; };
		FF0B72041AFCE0F500290BFF /* ViewController.m in Sources */ = {isa = PBXBuildFile; fileRef = FF0B72031AFCE0F500290BFF /* ViewController.m */; };
		FF0B72071AFCE0F500290BFF /* Main.storyboard in Resources */ = {isa = PBXBuildFile; fileRef = FF0B72051AFCE0F500290BFF /* Main.storyboard */; };
		FF0B72091AFCE0F500290BFF /* Images.xcassets in Resources */ = {isa = PBXBuildFile; fileRef = FF0B72081AFCE0F500290BFF /* Images.xcassets */; };
		FF0B720C1AFCE0F500290BFF /* LaunchScreen.xib in Resources */ = {isa = PBXBuildFile; fileRef = FF0B720A1AFCE0F500290BFF /* LaunchScreen.xib */; };
		FF0B72181AFCE0F500290BFF /* SyncContactTests.m in Sources */ = {isa = PBXBuildFile; fileRef = FF0B72171AFCE0F500290BFF /* SyncContactTests.m */; };
		FF0B722C1AFCE31200290BFF /* SVIndefiniteAnimatedView.m in Sources */ = {isa = PBXBuildFile; fileRef = FF0B72271AFCE31200290BFF /* SVIndefiniteAnimatedView.m */; };
		FF0B722D1AFCE31200290BFF /* SVProgressHUD.bundle in Resources */ = {isa = PBXBuildFile; fileRef = FF0B72291AFCE31200290BFF /* SVProgressHUD.bundle */; };
		FF0B722E1AFCE31200290BFF /* SVProgressHUD.m in Sources */ = {isa = PBXBuildFile; fileRef = FF0B722B1AFCE31200290BFF /* SVProgressHUD.m */; };
		FF0B72311AFCE36500290BFF /* SCViewController.m in Sources */ = {isa = PBXBuildFile; fileRef = FF0B72301AFCE36500290BFF /* SCViewController.m */; };
		FF0B72341AFCE71200290BFF /* SCContactManager.m in Sources */ = {isa = PBXBuildFile; fileRef = FF0B72331AFCE71200290BFF /* SCContactManager.m */; };
		FF0B72371AFCECA700290BFF /* SCContact.m in Sources */ = {isa = PBXBuildFile; fileRef = FF0B72361AFCECA700290BFF /* SCContact.m */; };
		FF0B723A1AFCF56300290BFF /* SCDataManager.m in Sources */ = {isa = PBXBuildFile; fileRef = FF0B72391AFCF56300290BFF /* SCDataManager.m */; };
		FF0B723D1AFCF60D00290BFF /* SCModel.m in Sources */ = {isa = PBXBuildFile; fileRef = FF0B723C1AFCF60D00290BFF /* SCModel.m */; };
/* End PBXBuildFile section */

/* Begin PBXContainerItemProxy section */
		FF0B72121AFCE0F500290BFF /* PBXContainerItemProxy */ = {
			isa = PBXContainerItemProxy;
			containerPortal = FF0B71ED1AFCE0F500290BFF /* Project object */;
			proxyType = 1;
			remoteGlobalIDString = FF0B71F41AFCE0F500290BFF;
			remoteInfo = SyncContact;
		};
/* End PBXContainerItemProxy section */

/* Begin PBXFileReference section */
		FF07AA5C1AFDB837001EB5D4 /* NSString+MD5.h */ = {isa = PBXFileReference; fileEncoding = 4; lastKnownFileType = sourcecode.c.h; path = "NSString+MD5.h"; sourceTree = "<group>"; };
		FF07AA5D1AFDB837001EB5D4 /* NSString+MD5.m */ = {isa = PBXFileReference; fileEncoding = 4; lastKnownFileType = sourcecode.c.objc; path = "NSString+MD5.m"; sourceTree = "<group>"; };
		FF0B71F51AFCE0F500290BFF /* SyncContact.app */ = {isa = PBXFileReference; explicitFileType = wrapper.application; includeInIndex = 0; path = SyncContact.app; sourceTree = BUILT_PRODUCTS_DIR; };
		FF0B71F91AFCE0F500290BFF /* Info.plist */ = {isa = PBXFileReference; lastKnownFileType = text.plist.xml; path = Info.plist; sourceTree = "<group>"; };
		FF0B71FA1AFCE0F500290BFF /* main.m */ = {isa = PBXFileReference; lastKnownFileType = sourcecode.c.objc; path = main.m; sourceTree = "<group>"; };
		FF0B71FC1AFCE0F500290BFF /* AppDelegate.h */ = {isa = PBXFileReference; lastKnownFileType = sourcecode.c.h; path = AppDelegate.h; sourceTree = "<group>"; };
		FF0B71FD1AFCE0F500290BFF /* AppDelegate.m */ = {isa = PBXFileReference; lastKnownFileType = sourcecode.c.objc; path = AppDelegate.m; sourceTree = "<group>"; };
		FF0B72001AFCE0F500290BFF /* SyncContact.xcdatamodel */ = {isa = PBXFileReference; lastKnownFileType = wrapper.xcdatamodel; path = SyncContact.xcdatamodel; sourceTree = "<group>"; };
		FF0B72021AFCE0F500290BFF /* ViewController.h */ = {isa = PBXFileReference; lastKnownFileType = sourcecode.c.h; path = ViewController.h; sourceTree = "<group>"; };
		FF0B72031AFCE0F500290BFF /* ViewController.m */ = {isa = PBXFileReference; lastKnownFileType = sourcecode.c.objc; path = ViewController.m; sourceTree = "<group>"; };
		FF0B72061AFCE0F500290BFF /* Base */ = {isa = PBXFileReference; lastKnownFileType = file.storyboard; name = Base; path = Base.lproj/Main.storyboard; sourceTree = "<group>"; };
		FF0B72081AFCE0F500290BFF /* Images.xcassets */ = {isa = PBXFileReference; lastKnownFileType = folder.assetcatalog; path = Images.xcassets; sourceTree = "<group>"; };
		FF0B720B1AFCE0F500290BFF /* Base */ = {isa = PBXFileReference; lastKnownFileType = file.xib; name = Base; path = Base.lproj/LaunchScreen.xib; sourceTree = "<group>"; };
		FF0B72111AFCE0F500290BFF /* SyncContactTests.xctest */ = {isa = PBXFileReference; explicitFileType = wrapper.cfbundle; includeInIndex = 0; path = SyncContactTests.xctest; sourceTree = BUILT_PRODUCTS_DIR; };
		FF0B72161AFCE0F500290BFF /* Info.plist */ = {isa = PBXFileReference; lastKnownFileType = text.plist.xml; path = Info.plist; sourceTree = "<group>"; };
		FF0B72171AFCE0F500290BFF /* SyncContactTests.m */ = {isa = PBXFileReference; lastKnownFileType = sourcecode.c.objc; path = SyncContactTests.m; sourceTree = "<group>"; };
		FF0B72261AFCE31200290BFF /* SVIndefiniteAnimatedView.h */ = {isa = PBXFileReference; fileEncoding = 4; lastKnownFileType = sourcecode.c.h; path = SVIndefiniteAnimatedView.h; sourceTree = "<group>"; };
		FF0B72271AFCE31200290BFF /* SVIndefiniteAnimatedView.m */ = {isa = PBXFileReference; fileEncoding = 4; lastKnownFileType = sourcecode.c.objc; path = SVIndefiniteAnimatedView.m; sourceTree = "<group>"; };
		FF0B72281AFCE31200290BFF /* SVProgressHUD-Prefix.pch */ = {isa = PBXFileReference; fileEncoding = 4; lastKnownFileType = sourcecode.c.h; path = "SVProgressHUD-Prefix.pch"; sourceTree = "<group>"; };
		FF0B72291AFCE31200290BFF /* SVProgressHUD.bundle */ = {isa = PBXFileReference; lastKnownFileType = "wrapper.plug-in"; path = SVProgressHUD.bundle; sourceTree = "<group>"; };
		FF0B722A1AFCE31200290BFF /* SVProgressHUD.h */ = {isa = PBXFileReference; fileEncoding = 4; lastKnownFileType = sourcecode.c.h; path = SVProgressHUD.h; sourceTree = "<group>"; };
		FF0B722B1AFCE31200290BFF /* SVProgressHUD.m */ = {isa = PBXFileReference; fileEncoding = 4; lastKnownFileType = sourcecode.c.objc; path = SVProgressHUD.m; sourceTree = "<group>"; };
		FF0B722F1AFCE36500290BFF /* SCViewController.h */ = {isa = PBXFileReference; fileEncoding = 4; lastKnownFileType = sourcecode.c.h; path = SCViewController.h; sourceTree = "<group>"; };
		FF0B72301AFCE36500290BFF /* SCViewController.m */ = {isa = PBXFileReference; fileEncoding = 4; lastKnownFileType = sourcecode.c.objc; path = SCViewController.m; sourceTree = "<group>"; };
		FF0B72321AFCE71200290BFF /* SCContactManager.h */ = {isa = PBXFileReference; fileEncoding = 4; lastKnownFileType = sourcecode.c.h; path = SCContactManager.h; sourceTree = "<group>"; };
		FF0B72331AFCE71200290BFF /* SCContactManager.m */ = {isa = PBXFileReference; fileEncoding = 4; lastKnownFileType = sourcecode.c.objc; path = SCContactManager.m; sourceTree = "<group>"; };
		FF0B72351AFCECA700290BFF /* SCContact.h */ = {isa = PBXFileReference; fileEncoding = 4; lastKnownFileType = sourcecode.c.h; path = SCContact.h; sourceTree = "<group>"; };
		FF0B72361AFCECA700290BFF /* SCContact.m */ = {isa = PBXFileReference; fileEncoding = 4; lastKnownFileType = sourcecode.c.objc; path = SCContact.m; sourceTree = "<group>"; };
		FF0B72381AFCF56300290BFF /* SCDataManager.h */ = {isa = PBXFileReference; fileEncoding = 4; lastKnownFileType = sourcecode.c.h; path = SCDataManager.h; sourceTree = "<group>"; };
		FF0B72391AFCF56300290BFF /* SCDataManager.m */ = {isa = PBXFileReference; fileEncoding = 4; lastKnownFileType = sourcecode.c.objc; path = SCDataManager.m; sourceTree = "<group>"; };
		FF0B723B1AFCF60D00290BFF /* SCModel.h */ = {isa = PBXFileReference; fileEncoding = 4; lastKnownFileType = sourcecode.c.h; path = SCModel.h; sourceTree = "<group>"; };
		FF0B723C1AFCF60D00290BFF /* SCModel.m */ = {isa = PBXFileReference; fileEncoding = 4; lastKnownFileType = sourcecode.c.objc; path = SCModel.m; sourceTree = "<group>"; };
/* End PBXFileReference section */

/* Begin PBXFrameworksBuildPhase section */
		FF0B71F21AFCE0F500290BFF /* Frameworks */ = {
			isa = PBXFrameworksBuildPhase;
			buildActionMask = 2147483647;
			files = (
			);
			runOnlyForDeploymentPostprocessing = 0;
		};
		FF0B720E1AFCE0F500290BFF /* Frameworks */ = {
			isa = PBXFrameworksBuildPhase;
			buildActionMask = 2147483647;
			files = (
			);
			runOnlyForDeploymentPostprocessing = 0;
		};
/* End PBXFrameworksBuildPhase section */

/* Begin PBXGroup section */
		FF07AA5B1AFDB81F001EB5D4 /* Categories */ = {
			isa = PBXGroup;
			children = (
				FF07AA5C1AFDB837001EB5D4 /* NSString+MD5.h */,
				FF07AA5D1AFDB837001EB5D4 /* NSString+MD5.m */,
			);
			path = Categories;
			sourceTree = "<group>";
		};
		FF0B71EC1AFCE0F500290BFF = {
			isa = PBXGroup;
			children = (
				FF0B71F71AFCE0F500290BFF /* SyncContact */,
				FF0B72141AFCE0F500290BFF /* SyncContactTests */,
				FF0B71F61AFCE0F500290BFF /* Products */,
			);
			sourceTree = "<group>";
		};
		FF0B71F61AFCE0F500290BFF /* Products */ = {
			isa = PBXGroup;
			children = (
				FF0B71F51AFCE0F500290BFF /* SyncContact.app */,
				FF0B72111AFCE0F500290BFF /* SyncContactTests.xctest */,
			);
			name = Products;
			sourceTree = "<group>";
		};
		FF0B71F71AFCE0F500290BFF /* SyncContact */ = {
			isa = PBXGroup;
			children = (
				FF0B71FC1AFCE0F500290BFF /* AppDelegate.h */,
				FF0B71FD1AFCE0F500290BFF /* AppDelegate.m */,
				FF0B72021AFCE0F500290BFF /* ViewController.h */,
				FF0B72031AFCE0F500290BFF /* ViewController.m */,
				FF0B72051AFCE0F500290BFF /* Main.storyboard */,
				FF0B72081AFCE0F500290BFF /* Images.xcassets */,
				FF0B720A1AFCE0F500290BFF /* LaunchScreen.xib */,
				FF0B71F81AFCE0F500290BFF /* Supporting Files */,
				FF07AA5B1AFDB81F001EB5D4 /* Categories */,
				FF0B72211AFCE27600290BFF /* Managers */,
				FF0B72221AFCE27600290BFF /* Models */,
				FF0B72231AFCE27600290BFF /* ViewControllers */,
				FF0B72241AFCE29900290BFF /* Vendors */,
			);
			path = SyncContact;
			sourceTree = "<group>";
		};
		FF0B71F81AFCE0F500290BFF /* Supporting Files */ = {
			isa = PBXGroup;
			children = (
				FF0B71F91AFCE0F500290BFF /* Info.plist */,
				FF0B71FA1AFCE0F500290BFF /* main.m */,
			);
			name = "Supporting Files";
			sourceTree = "<group>";
		};
		FF0B72141AFCE0F500290BFF /* SyncContactTests */ = {
			isa = PBXGroup;
			children = (
				FF0B72171AFCE0F500290BFF /* SyncContactTests.m */,
				FF0B72151AFCE0F500290BFF /* Supporting Files */,
			);
			path = SyncContactTests;
			sourceTree = "<group>";
		};
		FF0B72151AFCE0F500290BFF /* Supporting Files */ = {
			isa = PBXGroup;
			children = (
				FF0B72161AFCE0F500290BFF /* Info.plist */,
			);
			name = "Supporting Files";
			sourceTree = "<group>";
		};
		FF0B72211AFCE27600290BFF /* Managers */ = {
			isa = PBXGroup;
			children = (
				FF0B72321AFCE71200290BFF /* SCContactManager.h */,
				FF0B72331AFCE71200290BFF /* SCContactManager.m */,
				FF0B72381AFCF56300290BFF /* SCDataManager.h */,
				FF0B72391AFCF56300290BFF /* SCDataManager.m */,
			);
			path = Managers;
			sourceTree = "<group>";
		};
		FF0B72221AFCE27600290BFF /* Models */ = {
			isa = PBXGroup;
			children = (
				FF0B71FF1AFCE0F500290BFF /* SyncContact.xcdatamodeld */,
				FF0B723B1AFCF60D00290BFF /* SCModel.h */,
				FF0B723C1AFCF60D00290BFF /* SCModel.m */,
				FF0B72351AFCECA700290BFF /* SCContact.h */,
				FF0B72361AFCECA700290BFF /* SCContact.m */,
			);
			path = Models;
			sourceTree = "<group>";
		};
		FF0B72231AFCE27600290BFF /* ViewControllers */ = {
			isa = PBXGroup;
			children = (
				FF0B722F1AFCE36500290BFF /* SCViewController.h */,
				FF0B72301AFCE36500290BFF /* SCViewController.m */,
			);
			path = ViewControllers;
			sourceTree = "<group>";
		};
		FF0B72241AFCE29900290BFF /* Vendors */ = {
			isa = PBXGroup;
			children = (
				FF0B72251AFCE31200290BFF /* SVProgressHUD */,
			);
			path = Vendors;
			sourceTree = "<group>";
		};
		FF0B72251AFCE31200290BFF /* SVProgressHUD */ = {
			isa = PBXGroup;
			children = (
				FF0B72261AFCE31200290BFF /* SVIndefiniteAnimatedView.h */,
				FF0B72271AFCE31200290BFF /* SVIndefiniteAnimatedView.m */,
				FF0B72281AFCE31200290BFF /* SVProgressHUD-Prefix.pch */,
				FF0B72291AFCE31200290BFF /* SVProgressHUD.bundle */,
				FF0B722A1AFCE31200290BFF /* SVProgressHUD.h */,
				FF0B722B1AFCE31200290BFF /* SVProgressHUD.m */,
			);
			path = SVProgressHUD;
			sourceTree = "<group>";
		};
/* End PBXGroup section */

/* Begin PBXNativeTarget section */
		FF0B71F41AFCE0F500290BFF /* SyncContact */ = {
			isa = PBXNativeTarget;
			buildConfigurationList = FF0B721B1AFCE0F500290BFF /* Build configuration list for PBXNativeTarget "SyncContact" */;
			buildPhases = (
				FF0B71F11AFCE0F500290BFF /* Sources */,
				FF0B71F21AFCE0F500290BFF /* Frameworks */,
				FF0B71F31AFCE0F500290BFF /* Resources */,
			);
			buildRules = (
			);
			dependencies = (
			);
			name = SyncContact;
			productName = SyncContact;
			productReference = FF0B71F51AFCE0F500290BFF /* SyncContact.app */;
			productType = "com.apple.product-type.application";
		};
		FF0B72101AFCE0F500290BFF /* SyncContactTests */ = {
			isa = PBXNativeTarget;
			buildConfigurationList = FF0B721E1AFCE0F500290BFF /* Build configuration list for PBXNativeTarget "SyncContactTests" */;
			buildPhases = (
				FF0B720D1AFCE0F500290BFF /* Sources */,
				FF0B720E1AFCE0F500290BFF /* Frameworks */,
				FF0B720F1AFCE0F500290BFF /* Resources */,
			);
			buildRules = (
			);
			dependencies = (
				FF0B72131AFCE0F500290BFF /* PBXTargetDependency */,
			);
			name = SyncContactTests;
			productName = SyncContactTests;
			productReference = FF0B72111AFCE0F500290BFF /* SyncContactTests.xctest */;
			productType = "com.apple.product-type.bundle.unit-test";
		};
/* End PBXNativeTarget section */

/* Begin PBXProject section */
		FF0B71ED1AFCE0F500290BFF /* Project object */ = {
			isa = PBXProject;
			attributes = {
				CLASSPREFIX = SC;
				LastUpgradeCheck = 0630;
				ORGANIZATIONNAME = "Xu Xiaojiang";
				TargetAttributes = {
					FF0B71F41AFCE0F500290BFF = {
						CreatedOnToolsVersion = 6.3.1;
					};
					FF0B72101AFCE0F500290BFF = {
						CreatedOnToolsVersion = 6.3.1;
						TestTargetID = FF0B71F41AFCE0F500290BFF;
					};
				};
			};
			buildConfigurationList = FF0B71F01AFCE0F500290BFF /* Build configuration list for PBXProject "SyncContact" */;
			compatibilityVersion = "Xcode 3.2";
			developmentRegion = English;
			hasScannedForEncodings = 0;
			knownRegions = (
				en,
				Base,
			);
			mainGroup = FF0B71EC1AFCE0F500290BFF;
			productRefGroup = FF0B71F61AFCE0F500290BFF /* Products */;
			projectDirPath = "";
			projectRoot = "";
			targets = (
				FF0B71F41AFCE0F500290BFF /* SyncContact */,
				FF0B72101AFCE0F500290BFF /* SyncContactTests */,
			);
		};
/* End PBXProject section */

/* Begin PBXResourcesBuildPhase section */
		FF0B71F31AFCE0F500290BFF /* Resources */ = {
			isa = PBXResourcesBuildPhase;
			buildActionMask = 2147483647;
			files = (
				FF0B72071AFCE0F500290BFF /* Main.storyboard in Resources */,
				FF0B720C1AFCE0F500290BFF /* LaunchScreen.xib in Resources */,
				FF0B72091AFCE0F500290BFF /* Images.xcassets in Resources */,
				FF0B722D1AFCE31200290BFF /* SVProgressHUD.bundle in Resources */,
			);
			runOnlyForDeploymentPostprocessing = 0;
		};
		FF0B720F1AFCE0F500290BFF /* Resources */ = {
			isa = PBXResourcesBuildPhase;
			buildActionMask = 2147483647;
			files = (
			);
			runOnlyForDeploymentPostprocessing = 0;
		};
/* End PBXResourcesBuildPhase section */

/* Begin PBXSourcesBuildPhase section */
		FF0B71F11AFCE0F500290BFF /* Sources */ = {
			isa = PBXSourcesBuildPhase;
			buildActionMask = 2147483647;
			files = (
				FF0B722C1AFCE31200290BFF /* SVIndefiniteAnimatedView.m in Sources */,
				FF0B72011AFCE0F500290BFF /* SyncContact.xcdatamodeld in Sources */,
				FF0B72341AFCE71200290BFF /* SCContactManager.m in Sources */,
				FF0B71FE1AFCE0F500290BFF /* AppDelegate.m in Sources */,
				FF0B72041AFCE0F500290BFF /* ViewController.m in Sources */,
				FF0B723A1AFCF56300290BFF /* SCDataManager.m in Sources */,
				FF07AA5E1AFDB837001EB5D4 /* NSString+MD5.m in Sources */,
				FF0B72371AFCECA700290BFF /* SCContact.m in Sources */,
				FF0B71FB1AFCE0F500290BFF /* main.m in Sources */,
				FF0B722E1AFCE31200290BFF /* SVProgressHUD.m in Sources */,
				FF0B72311AFCE36500290BFF /* SCViewController.m in Sources */,
				FF0B723D1AFCF60D00290BFF /* SCModel.m in Sources */,
			);
			runOnlyForDeploymentPostprocessing = 0;
		};
		FF0B720D1AFCE0F500290BFF /* Sources */ = {
			isa = PBXSourcesBuildPhase;
			buildActionMask = 2147483647;
			files = (
				FF0B72181AFCE0F500290BFF /* SyncContactTests.m in Sources */,
			);
			runOnlyForDeploymentPostprocessing = 0;
		};
/* End PBXSourcesBuildPhase section */

/* Begin PBXTargetDependency section */
		FF0B72131AFCE0F500290BFF /* PBXTargetDependency */ = {
			isa = PBXTargetDependency;
			target = FF0B71F41AFCE0F500290BFF /* SyncContact */;
			targetProxy = FF0B72121AFCE0F500290BFF /* PBXContainerItemProxy */;
		};
/* End PBXTargetDependency section */

/* Begin PBXVariantGroup section */
		FF0B72051AFCE0F500290BFF /* Main.storyboard */ = {
			isa = PBXVariantGroup;
			children = (
				FF0B72061AFCE0F500290BFF /* Base */,
			);
			name = Main.storyboard;
			sourceTree = "<group>";
		};
		FF0B720A1AFCE0F500290BFF /* LaunchScreen.xib */ = {
			isa = PBXVariantGroup;
			children = (
				FF0B720B1AFCE0F500290BFF /* Base */,
			);
			name = LaunchScreen.xib;
			sourceTree = "<group>";
		};
/* End PBXVariantGroup section */

/* Begin XCBuildConfiguration section */
		FF0B72191AFCE0F500290BFF /* Debug */ = {
			isa = XCBuildConfiguration;
			buildSettings = {
				ALWAYS_SEARCH_USER_PATHS = NO;
				CLANG_CXX_LANGUAGE_STANDARD = "gnu++0x";
				CLANG_CXX_LIBRARY = "libc++";
				CLANG_ENABLE_MODULES = YES;
				CLANG_ENABLE_OBJC_ARC = YES;
				CLANG_WARN_BOOL_CONVERSION = YES;
				CLANG_WARN_CONSTANT_CONVERSION = YES;
				CLANG_WARN_DIRECT_OBJC_ISA_USAGE = YES_ERROR;
				CLANG_WARN_EMPTY_BODY = YES;
				CLANG_WARN_ENUM_CONVERSION = YES;
				CLANG_WARN_INT_CONVERSION = YES;
				CLANG_WARN_OBJC_ROOT_CLASS = YES_ERROR;
				CLANG_WARN_UNREACHABLE_CODE = YES;
				CLANG_WARN__DUPLICATE_METHOD_MATCH = YES;
				"CODE_SIGN_IDENTITY[sdk=iphoneos*]" = "iPhone Developer";
				COPY_PHASE_STRIP = NO;
				DEBUG_INFORMATION_FORMAT = "dwarf-with-dsym";
				ENABLE_STRICT_OBJC_MSGSEND = YES;
				GCC_C_LANGUAGE_STANDARD = gnu99;
				GCC_DYNAMIC_NO_PIC = NO;
				GCC_NO_COMMON_BLOCKS = YES;
				GCC_OPTIMIZATION_LEVEL = 0;
				GCC_PREPROCESSOR_DEFINITIONS = (
					"DEBUG=1",
					"$(inherited)",
				);
				GCC_SYMBOLS_PRIVATE_EXTERN = NO;
				GCC_WARN_64_TO_32_BIT_CONVERSION = YES;
				GCC_WARN_ABOUT_RETURN_TYPE = YES_ERROR;
				GCC_WARN_UNDECLARED_SELECTOR = YES;
				GCC_WARN_UNINITIALIZED_AUTOS = YES_AGGRESSIVE;
				GCC_WARN_UNUSED_FUNCTION = YES;
				GCC_WARN_UNUSED_VARIABLE = YES;
				IPHONEOS_DEPLOYMENT_TARGET = 8.3;
				MTL_ENABLE_DEBUG_INFO = YES;
				ONLY_ACTIVE_ARCH = YES;
				SDKROOT = iphoneos;
				TARGETED_DEVICE_FAMILY = "1,2";
			};
			name = Debug;
		};
		FF0B721A1AFCE0F500290BFF /* Release */ = {
			isa = XCBuildConfiguration;
			buildSettings = {
				ALWAYS_SEARCH_USER_PATHS = NO;
				CLANG_CXX_LANGUAGE_STANDARD = "gnu++0x";
				CLANG_CXX_LIBRARY = "libc++";
				CLANG_ENABLE_MODULES = YES;
				CLANG_ENABLE_OBJC_ARC = YES;
				CLANG_WARN_BOOL_CONVERSION = YES;
				CLANG_WARN_CONSTANT_CONVERSION = YES;
				CLANG_WARN_DIRECT_OBJC_ISA_USAGE = YES_ERROR;
				CLANG_WARN_EMPTY_BODY = YES;
				CLANG_WARN_ENUM_CONVERSION = YES;
				CLANG_WARN_INT_CONVERSION = YES;
				CLANG_WARN_OBJC_ROOT_CLASS = YES_ERROR;
				CLANG_WARN_UNREACHABLE_CODE = YES;
				CLANG_WARN__DUPLICATE_METHOD_MATCH = YES;
				"CODE_SIGN_IDENTITY[sdk=iphoneos*]" = "iPhone Developer";
				COPY_PHASE_STRIP = NO;
				DEBUG_INFORMATION_FORMAT = "dwarf-with-dsym";
				ENABLE_NS_ASSERTIONS = NO;
				ENABLE_STRICT_OBJC_MSGSEND = YES;
				GCC_C_LANGUAGE_STANDARD = gnu99;
				GCC_NO_COMMON_BLOCKS = YES;
				GCC_WARN_64_TO_32_BIT_CONVERSION = YES;
				GCC_WARN_ABOUT_RETURN_TYPE = YES_ERROR;
				GCC_WARN_UNDECLARED_SELECTOR = YES;
				GCC_WARN_UNINITIALIZED_AUTOS = YES_AGGRESSIVE;
				GCC_WARN_UNUSED_FUNCTION = YES;
				GCC_WARN_UNUSED_VARIABLE = YES;
				IPHONEOS_DEPLOYMENT_TARGET = 8.3;
				MTL_ENABLE_DEBUG_INFO = NO;
				SDKROOT = iphoneos;
				TARGETED_DEVICE_FAMILY = "1,2";
				VALIDATE_PRODUCT = YES;
			};
			name = Release;
		};
		FF0B721C1AFCE0F500290BFF /* Debug */ = {
			isa = XCBuildConfiguration;
			buildSettings = {
				ASSETCATALOG_COMPILER_APPICON_NAME = AppIcon;
				INFOPLIST_FILE = SyncContact/Info.plist;
				IPHONEOS_DEPLOYMENT_TARGET = 8.0;
				LD_RUNPATH_SEARCH_PATHS = "$(inherited) @executable_path/Frameworks";
				PRODUCT_NAME = "$(TARGET_NAME)";
			};
			name = Debug;
		};
		FF0B721D1AFCE0F500290BFF /* Release */ = {
			isa = XCBuildConfiguration;
			buildSettings = {
				ASSETCATALOG_COMPILER_APPICON_NAME = AppIcon;
				"CODE_SIGN_IDENTITY[sdk=iphoneos*]" = "iPhone Distribution: 2359 Media Pte Ltd";
				INFOPLIST_FILE = SyncContact/Info.plist;
				IPHONEOS_DEPLOYMENT_TARGET = 8.0;
				LD_RUNPATH_SEARCH_PATHS = "$(inherited) @executable_path/Frameworks";
				PRODUCT_NAME = "$(TARGET_NAME)";
				PROVISIONING_PROFILE = "b646be2e-ec64-48ef-bdfc-cd7c0ee3356f";
			};
			name = Release;
		};
		FF0B721F1AFCE0F500290BFF /* Debug */ = {
			isa = XCBuildConfiguration;
			buildSettings = {
				BUNDLE_LOADER = "$(TEST_HOST)";
				FRAMEWORK_SEARCH_PATHS = (
					"$(SDKROOT)/Developer/Library/Frameworks",
					"$(inherited)",
				);
				GCC_PREPROCESSOR_DEFINITIONS = (
					"DEBUG=1",
					"$(inherited)",
				);
				INFOPLIST_FILE = SyncContactTests/Info.plist;
				LD_RUNPATH_SEARCH_PATHS = "$(inherited) @executable_path/Frameworks @loader_path/Frameworks";
				PRODUCT_NAME = "$(TARGET_NAME)";
				TEST_HOST = "$(BUILT_PRODUCTS_DIR)/SyncContact.app/SyncContact";
			};
			name = Debug;
		};
		FF0B72201AFCE0F500290BFF /* Release */ = {
			isa = XCBuildConfiguration;
			buildSettings = {
				BUNDLE_LOADER = "$(TEST_HOST)";
				FRAMEWORK_SEARCH_PATHS = (
					"$(SDKROOT)/Developer/Library/Frameworks",
					"$(inherited)",
				);
				INFOPLIST_FILE = SyncContactTests/Info.plist;
				LD_RUNPATH_SEARCH_PATHS = "$(inherited) @executable_path/Frameworks @loader_path/Frameworks";
				PRODUCT_NAME = "$(TARGET_NAME)";
				TEST_HOST = "$(BUILT_PRODUCTS_DIR)/SyncContact.app/SyncContact";
			};
			name = Release;
		};
/* End XCBuildConfiguration section */

/* Begin XCConfigurationList section */
		FF0B71F01AFCE0F500290BFF /* Build configuration list for PBXProject "SyncContact" */ = {
			isa = XCConfigurationList;
			buildConfigurations = (
				FF0B72191AFCE0F500290BFF /* Debug */,
				FF0B721A1AFCE0F500290BFF /* Release */,
			);
			defaultConfigurationIsVisible = 0;
			defaultConfigurationName = Release;
		};
		FF0B721B1AFCE0F500290BFF /* Build configuration list for PBXNativeTarget "SyncContact" */ = {
			isa = XCConfigurationList;
			buildConfigurations = (
				FF0B721C1AFCE0F500290BFF /* Debug */,
				FF0B721D1AFCE0F500290BFF /* Release */,
			);
			defaultConfigurationIsVisible = 0;
			defaultConfigurationName = Release;
		};
		FF0B721E1AFCE0F500290BFF /* Build configuration list for PBXNativeTarget "SyncContactTests" */ = {
			isa = XCConfigurationList;
			buildConfigurations = (
				FF0B721F1AFCE0F500290BFF /* Debug */,
				FF0B72201AFCE0F500290BFF /* Release */,
			);
			defaultConfigurationIsVisible = 0;
			defaultConfigurationName = Release;
		};
/* End XCConfigurationList section */

/* Begin XCVersionGroup section */
		FF0B71FF1AFCE0F500290BFF /* SyncContact.xcdatamodeld */ = {
			isa = XCVersionGroup;
			children = (
				FF0B72001AFCE0F500290BFF /* SyncContact.xcdatamodel */,
			);
			currentVersion = FF0B72001AFCE0F500290BFF /* SyncContact.xcdatamodel */;
			name = SyncContact.xcdatamodeld;
			path = ../SyncContact.xcdatamodeld;
			sourceTree = "<group>";
			versionGroupType = wrapper.xcdatamodel;
		};
/* End XCVersionGroup section */
	};
	rootObject = FF0B71ED1AFCE0F500290BFF /* Project object */;
}
